
Microsoft Visual Studio Solution File, Format Version 12.00
# Visual Studio Version 17
VisualStudioVersion = 17.1.32421.90
MinimumVisualStudioVersion = 10.0.40219.1
Project("{9A19103F-16F7-4668-BE54-9A1E7A4F7556}") = "API", "API\API.csproj", "{06F76CE0-9C0C-4C21-9F6C-D85411FB5777}"
EndProject
Global
	GlobalSection(SolutionConfigurationPlatforms) = preSolution
		Debug|Any CPU = Debug|Any CPU
		Release|Any CPU = Release|Any CPU
	EndGlobalSection
	GlobalSection(ProjectConfigurationPlatforms) = postSolution
		{06F76CE0-9C0C-4C21-9F6C-D85411FB5777}.Debug|Any CPU.ActiveCfg = Debug|Any CPU
		{06F76CE0-9C0C-4C21-9F6C-D85411FB5777}.Debug|Any CPU.Build.0 = Debug|Any CPU
		{06F76CE0-9C0C-4C21-9F6C-D85411FB5777}.Release|Any CPU.ActiveCfg = Release|Any CPU
		{06F76CE0-9C0C-4C21-9F6C-D85411FB5777}.Release|Any CPU.Build.0 = Release|Any CPU
	EndGlobalSection
	GlobalSection(SolutionProperties) = preSolution
		HideSolutionNode = FALSE
	EndGlobalSection
	GlobalSection(ExtensibilityGlobals) = postSolution
		SolutionGuid = {E918A5ED-360C-4DAB-8EA1-F132C66AB564}
	EndGlobalSection
EndGlobal
